NeoBundleLock JavaScript-syntax e24f4aa35f7d8c18cef41bc4cc76f52db5327f80
NeoBundleLock emmet-vim af10f14ae5bf31e3cd3b4444e9c336b71821777b
NeoBundleLock neobundle.vim d3d9ddc70664c2e118e3b75bff30d5f92269cc95
NeoBundleLock nerdtree 3b98a7fcae8f9fff356907171f0406ff8cd28921
NeoBundleLock vim-autoclose a9a3b7384657bc1f60a963fd6c08c63fc48d61c3
NeoBundleLock vim-css3-syntax 9301019689e88ab48742a4d1c32c6a094303040d
NeoBundleLock vim-indent-guides eec1b629dc4cfa3986d20f21d4b4489732cd3f5a
NeoBundleLock vim-javascript e9709a9fb29ed0739eb244b5e70211c1ab647535
