NeoBundleLock JavaScript-syntax e24f4aa35f7d8c18cef41bc4cc76f52db5327f80
NeoBundleLock emmet-vim af10f14ae5bf31e3cd3b4444e9c336b71821777b
NeoBundleLock neobundle.vim b76ec05d2330aef2fbbcdc58f98c49e94f5ffdbd
NeoBundleLock neomru.vim 24f9185ca019f3b8f4896929c6bf5148f982f344
NeoBundleLock nerdtree 3b98a7fcae8f9fff356907171f0406ff8cd28921
NeoBundleLock open-browser.vim e2bfabfc758351ee3087d4c697d1953660d943ee
NeoBundleLock perldoc-vim 3cdeb2f18bdc28ad7704dae9d3175efccdfbd026
NeoBundleLock previm e9967c225ddbcc67b45f6de7d3e2c5c656ef8fb6
NeoBundleLock unite.vim 9a06da7e8ed4aedda0949e33d81f1c588f2857d3
NeoBundleLock vim-css3-syntax 9301019689e88ab48742a4d1c32c6a094303040d
NeoBundleLock vim-indent-guides eec1b629dc4cfa3986d20f21d4b4489732cd3f5a
NeoBundleLock vim-javascript e9709a9fb29ed0739eb244b5e70211c1ab647535
NeoBundleLock vim-perl 4e75c3e3766da7294061f9bef6949e89087f821f
NeoBundleLock vim-quickrun 2d03b3a7405da0e95ff7f6f617843ba9f536395f
